// !$*UTF8*$!
{
	archiveVersion = 1;
	classes = {
	};
	objectVersion = 46;
	objects = {

/* Begin PBXBuildFile section */
		462B7A6A1D9BE8A00087E416 /* main.swift in Sources */ = {isa = PBXBuildFile; fileRef = 462B7A691D9BE8A00087E416 /* main.swift */; };
		462B7A711D9BE8E90087E416 /* KartikStockHolding.swift in Sources */ = {isa = PBXBuildFile; fileRef = 462B7A701D9BE8E90087E416 /* KartikStockHolding.swift */; };
/* End PBXBuildFile section */

/* Begin PBXCopyFilesBuildPhase section */
		462B7A641D9BE8A00087E416 /* CopyFiles */ = {
			isa = PBXCopyFilesBuildPhase;
			buildActionMask = 2147483647;
			dstPath = /usr/share/man/man1/;
			dstSubfolderSpec = 0;
			files = (
			);
			runOnlyForDeploymentPostprocessing = 1;
		};
/* End PBXCopyFilesBuildPhase section */

/* Begin PBXFileReference section */
		462B7A661D9BE8A00087E416 /* KartikStockHolding */ = {isa = PBXFileReference; explicitFileType = "compiled.mach-o.executable"; includeInIndex = 0; path = KartikStockHolding; sourceTree = BUILT_PRODUCTS_DIR; };
		462B7A691D9BE8A00087E416 /* main.swift */ = {isa = PBXFileReference; lastKnownFileType = sourcecode.swift; path = main.swift; sourceTree = "<group>"; };
		462B7A701D9BE8E90087E416 /* KartikStockHolding.swift */ = {isa = PBXFileReference; fileEncoding = 4; lastKnownFileType = sourcecode.swift; path = KartikStockHolding.swift; sourceTree = "<group>"; };
/* End PBXFileReference section */

/* Begin PBXFrameworksBuildPhase section */
		462B7A631D9BE8A00087E416 /* Frameworks */ = {
			isa = PBXFrameworksBuildPhase;
			buildActionMask = 2147483647;
			files = (
			);
			runOnlyForDeploymentPostprocessing = 0;
		};
/* End PBXFrameworksBuildPhase section */

/* Begin PBXGroup section */
		462B7A5D1D9BE8A00087E416 = {
			isa = PBXGroup;
			children = (
				462B7A681D9BE8A00087E416 /* KartikStockHolding */,
				462B7A671D9BE8A00087E416 /* Products */,
			);
			sourceTree = "<group>";
		};
		462B7A671D9BE8A00087E416 /* Products */ = {
			isa = PBXGroup;
			children = (
				462B7A661D9BE8A00087E416 /* KartikStockHolding */,
			);
			name = Products;
			sourceTree = "<group>";
		};
		462B7A681D9BE8A00087E416 /* KartikStockHolding */ = {
			isa = PBXGroup;
			children = (
				462B7A691D9BE8A00087E416 /* main.swift */,
				462B7A701D9BE8E90087E416 /* KartikStockHolding.swift */,
			);
			path = KartikStockHolding;
			sourceTree = "<group>";
		};
/* End PBXGroup section */

/* Begin PBXNativeTarget section */
		462B7A651D9BE8A00087E416 /* KartikStockHolding */ = {
			isa = PBXNativeTarget;
			buildConfigurationList = 462B7A6D1D9BE8A00087E416 /* Build configuration list for PBXNativeTarget "KartikStockHolding" */;
			buildPhases = (
				462B7A621D9BE8A00087E416 /* Sources */,
				462B7A631D9BE8A00087E416 /* Frameworks */,
				462B7A641D9BE8A00087E416 /* CopyFiles */,
			);
			buildRules = (
			);
			dependencies = (
			);
			name = KartikStockHolding;
			productName = KartikStockHolding;
			productReference = 462B7A661D9BE8A00087E416 /* KartikStockHolding */;
			productType = "com.apple.product-type.tool";
		};
/* End PBXNativeTarget section */

/* Begin PBXProject section */
		462B7A5E1D9BE8A00087E416 /* Project object */ = {
			isa = PBXProject;
			attributes = {
				LastSwiftUpdateCheck = 0720;
				LastUpgradeCheck = 0720;
				ORGANIZATIONNAME = lambton;
				TargetAttributes = {
					462B7A651D9BE8A00087E416 = {
						CreatedOnToolsVersion = 7.2;
					};
				};
			};
			buildConfigurationList = 462B7A611D9BE8A00087E416 /* Build configuration list for PBXProject "KartikStockHolding" */;
			compatibilityVersion = "Xcode 3.2";
			developmentRegion = English;
			hasScannedForEncodings = 0;
			knownRegions = (
				en,
			);
			mainGroup = 462B7A5D1D9BE8A00087E416;
			productRefGroup = 462B7A671D9BE8A00087E416 /* Products */;
			projectDirPath = "";
			projectRoot = "";
			targets = (
				462B7A651D9BE8A00087E416 /* KartikStockHolding */,
			);
		};
/* End PBXProject section */

/* Begin PBXSourcesBuildPhase section */
		462B7A621D9BE8A00087E416 /* Sources */ = {
			isa = PBXSourcesBuildPhase;
			buildActionMask = 2147483647;
			files = (
				462B7A711D9BE8E90087E416 /* KartikStockHolding.swift in Sources */,
				462B7A6A1D9BE8A00087E416 /* main.swift in Sources */,
			);
			runOnlyForDeploymentPostprocessing = 0;
		};
/* End PBXSourcesBuildPhase section */

/* Begin XCBuildConfiguration section */
		462B7A6B1D9BE8A00087E416 /* Debug */ = {
			isa = XCBuildConfiguration;
			buildSettings = {
				ALWAYS_SEARCH_USER_PATHS = NO;
				CLANG_CXX_LANGUAGE_STANDARD = "gnu++0x";
				CLANG_CXX_LIBRARY = "libc++";
				CLANG_ENABLE_MODULES = YES;
				CLANG_ENABLE_OBJC_ARC = YES;
				CLANG_WARN_BOOL_CONVERSION = YES;
				CLANG_WARN_CONSTANT_CONVERSION = YES;
				CLANG_WARN_DIRECT_OBJC_ISA_USAGE = YES_ERROR;
				CLANG_WARN_EMPTY_BODY = YES;
				CLANG_WARN_ENUM_CONVERSION = YES;
				CLANG_WARN_INT_CONVERSION = YES;
				CLANG_WARN_OBJC_ROOT_CLASS = YES_ERROR;
				CLANG_WARN_UNREACHABLE_CODE = YES;
				CLANG_WARN__DUPLICATE_METHOD_MATCH = YES;
				CODE_SIGN_IDENTITY = "-";
				COPY_PHASE_STRIP = NO;
				DEBUG_INFORMATION_FORMAT = dwarf;
				ENABLE_STRICT_OBJC_MSGSEND = YES;
				ENABLE_TESTABILITY = YES;
				GCC_C_LANGUAGE_STANDARD = gnu99;
				GCC_DYNAMIC_NO_PIC = NO;
				GCC_NO_COMMON_BLOCKS = YES;
				GCC_OPTIMIZATION_LEVEL = 0;
				GCC_PREPROCESSOR_DEFINITIONS = (
					"DEBUG=1",
					"$(inherited)",
				);
				GCC_WARN_64_TO_32_BIT_CONVERSION = YES;
				GCC_WARN_ABOUT_RETURN_TYPE = YES_ERROR;
				GCC_WARN_UNDECLARED_SELECTOR = YES;
				GCC_WARN_UNINITIALIZED_AUTOS = YES_AGGRESSIVE;
				GCC_WARN_UNUSED_FUNCTION = YES;
				GCC_WARN_UNUSED_VARIABLE = YES;
				MACOSX_DEPLOYMENT_TARGET = 10.11;
				MTL_ENABLE_DEBUG_INFO = YES;
				ONLY_ACTIVE_ARCH = YES;
				SDKROOT = macosx;
				SWIFT_OPTIMIZATION_LEVEL = "-Onone";
			};
			name = Debug;
		};
		462B7A6C1D9BE8A00087E416 /* Release */ = {
			isa = XCBuildConfiguration;
			buildSettings = {
				ALWAYS_SEARCH_USER_PATHS = NO;
				CLANG_CXX_LANGUAGE_STANDARD = "gnu++0x";
				CLANG_CXX_LIBRARY = "libc++";
				CLANG_ENABLE_MODULES = YES;
				CLANG_ENABLE_OBJC_ARC = YES;
				CLANG_WARN_BOOL_CONVERSION = YES;
				CLANG_WARN_CONSTANT_CONVERSION = YES;
				CLANG_WARN_DIRECT_OBJC_ISA_USAGE = YES_ERROR;
				CLANG_WARN_EMPTY_BODY = YES;
				CLANG_WARN_ENUM_CONVERSION = YES;
				CLANG_WARN_INT_CONVERSION = YES;
				CLANG_WARN_OBJC_ROOT_CLASS = YES_ERROR;
				CLANG_WARN_UNREACHABLE_CODE = YES;
				CLANG_WARN__DUPLICATE_METHOD_MATCH = YES;
				CODE_SIGN_IDENTITY = "-";
				COPY_PHASE_STRIP = NO;
				DEBUG_INFORMATION_FORMAT = "dwarf-with-dsym";
				ENABLE_NS_ASSERTIONS = NO;
				ENABLE_STRICT_OBJC_MSGSEND = YES;
				GCC_C_LANGUAGE_STANDARD = gnu99;
				GCC_NO_COMMON_BLOCKS = YES;
				GCC_WARN_64_TO_32_BIT_CONVERSION = YES;
				GCC_WARN_ABOUT_RETURN_TYPE = YES_ERROR;
				GCC_WARN_UNDECLARED_SELECTOR = YES;
				GCC_WARN_UNINITIALIZED_AUTOS = YES_AGGRESSIVE;
				GCC_WARN_UNUSED_FUNCTION = YES;
				GCC_WARN_UNUSED_VARIABLE = YES;
				MACOSX_DEPLOYMENT_TARGET = 10.11;
				MTL_ENABLE_DEBUG_INFO = NO;
				SDKROOT = macosx;
			};
			name = Release;
		};
		462B7A6E1D9BE8A00087E416 /* Debug */ = {
			isa = XCBuildConfiguration;
			buildSettings = {
				PRODUCT_NAME = "$(TARGET_NAME)";
			};
			name = Debug;
		};
		462B7A6F1D9BE8A00087E416 /* Release */ = {
			isa = XCBuildConfiguration;
			buildSettings = {
				PRODUCT_NAME = "$(TARGET_NAME)";
			};
			name = Release;
		};
/* End XCBuildConfiguration section */

/* Begin XCConfigurationList section */
		462B7A611D9BE8A00087E416 /* Build configuration list for PBXProject "KartikStockHolding" */ = {
			isa = XCConfigurationList;
			buildConfigurations = (
				462B7A6B1D9BE8A00087E416 /* Debug */,
				462B7A6C1D9BE8A00087E416 /* Release */,
			);
			defaultConfigurationIsVisible = 0;
			defaultConfigurationName = Release;
		};
		462B7A6D1D9BE8A00087E416 /* Build configuration list for PBXNativeTarget "KartikStockHolding" */ = {
			isa = XCConfigurationList;
			buildConfigurations = (
				462B7A6E1D9BE8A00087E416 /* Debug */,
				462B7A6F1D9BE8A00087E416 /* Release */,
			);
			defaultConfigurationIsVisible = 0;
		};
/* End XCConfigurationList section */
	};
	rootObject = 462B7A5E1D9BE8A00087E416 /* Project object */;
}
