// !$*UTF8*$!
{
	archiveVersion = 1;
	classes = {
	};
	objectVersion = 46;
	objects = {

/* Begin PBXBuildFile section */
		4612BFB21DAE654A007DCA88 /* main.swift in Sources */ = {isa = PBXBuildFile; fileRef = 4612BFB11DAE654A007DCA88 /* main.swift */; };
		4612BFB91DAE66B0007DCA88 /* KartikMotorVehicle.swift in Sources */ = {isa = PBXBuildFile; fileRef = 4612BFB81DAE66B0007DCA88 /* KartikMotorVehicle.swift */; };
		4612BFBB1DAE66CA007DCA88 /* KartikBoat.swift in Sources */ = {isa = PBXBuildFile; fileRef = 4612BFBA1DAE66CA007DCA88 /* KartikBoat.swift */; };
		4612BFBD1DAE66DE007DCA88 /* KartikCar.swift in Sources */ = {isa = PBXBuildFile; fileRef = 4612BFBC1DAE66DE007DCA88 /* KartikCar.swift */; };
		4612BFBF1DAE66F2007DCA88 /* KartikStreetLegal.swift in Sources */ = {isa = PBXBuildFile; fileRef = 4612BFBE1DAE66F2007DCA88 /* KartikStreetLegal.swift */; };
		4612BFC11DAE675E007DCA88 /* KartikBicycle.swift in Sources */ = {isa = PBXBuildFile; fileRef = 4612BFC01DAE675E007DCA88 /* KartikBicycle.swift */; };
		4612BFC31DAE6777007DCA88 /* KartikPedestrian.swift in Sources */ = {isa = PBXBuildFile; fileRef = 4612BFC21DAE6777007DCA88 /* KartikPedestrian.swift */; };
/* End PBXBuildFile section */

/* Begin PBXCopyFilesBuildPhase section */
		4612BFAC1DAE654A007DCA88 /* CopyFiles */ = {
			isa = PBXCopyFilesBuildPhase;
			buildActionMask = 2147483647;
			dstPath = /usr/share/man/man1/;
			dstSubfolderSpec = 0;
			files = (
			);
			runOnlyForDeploymentPostprocessing = 1;
		};
/* End PBXCopyFilesBuildPhase section */

/* Begin PBXFileReference section */
		4612BFAE1DAE654A007DCA88 /* kartikLabTest2 */ = {isa = PBXFileReference; explicitFileType = "compiled.mach-o.executable"; includeInIndex = 0; path = kartikLabTest2; sourceTree = BUILT_PRODUCTS_DIR; };
		4612BFB11DAE654A007DCA88 /* main.swift */ = {isa = PBXFileReference; lastKnownFileType = sourcecode.swift; path = main.swift; sourceTree = "<group>"; };
		4612BFB81DAE66B0007DCA88 /* KartikMotorVehicle.swift */ = {isa = PBXFileReference; fileEncoding = 4; lastKnownFileType = sourcecode.swift; path = KartikMotorVehicle.swift; sourceTree = "<group>"; };
		4612BFBA1DAE66CA007DCA88 /* KartikBoat.swift */ = {isa = PBXFileReference; fileEncoding = 4; lastKnownFileType = sourcecode.swift; path = KartikBoat.swift; sourceTree = "<group>"; };
		4612BFBC1DAE66DE007DCA88 /* KartikCar.swift */ = {isa = PBXFileReference; fileEncoding = 4; lastKnownFileType = sourcecode.swift; path = KartikCar.swift; sourceTree = "<group>"; };
		4612BFBE1DAE66F2007DCA88 /* KartikStreetLegal.swift */ = {isa = PBXFileReference; fileEncoding = 4; lastKnownFileType = sourcecode.swift; path = KartikStreetLegal.swift; sourceTree = "<group>"; };
		4612BFC01DAE675E007DCA88 /* KartikBicycle.swift */ = {isa = PBXFileReference; fileEncoding = 4; lastKnownFileType = sourcecode.swift; path = KartikBicycle.swift; sourceTree = "<group>"; };
		4612BFC21DAE6777007DCA88 /* KartikPedestrian.swift */ = {isa = PBXFileReference; fileEncoding = 4; lastKnownFileType = sourcecode.swift; path = KartikPedestrian.swift; sourceTree = "<group>"; };
/* End PBXFileReference section */

/* Begin PBXFrameworksBuildPhase section */
		4612BFAB1DAE654A007DCA88 /* Frameworks */ = {
			isa = PBXFrameworksBuildPhase;
			buildActionMask = 2147483647;
			files = (
			);
			runOnlyForDeploymentPostprocessing = 0;
		};
/* End PBXFrameworksBuildPhase section */

/* Begin PBXGroup section */
		4612BFA51DAE654A007DCA88 = {
			isa = PBXGroup;
			children = (
				4612BFB01DAE654A007DCA88 /* kartikLabTest2 */,
				4612BFAF1DAE654A007DCA88 /* Products */,
			);
			sourceTree = "<group>";
		};
		4612BFAF1DAE654A007DCA88 /* Products */ = {
			isa = PBXGroup;
			children = (
				4612BFAE1DAE654A007DCA88 /* kartikLabTest2 */,
			);
			name = Products;
			sourceTree = "<group>";
		};
		4612BFB01DAE654A007DCA88 /* kartikLabTest2 */ = {
			isa = PBXGroup;
			children = (
				4612BFB11DAE654A007DCA88 /* main.swift */,
				4612BFB81DAE66B0007DCA88 /* KartikMotorVehicle.swift */,
				4612BFBA1DAE66CA007DCA88 /* KartikBoat.swift */,
				4612BFBC1DAE66DE007DCA88 /* KartikCar.swift */,
				4612BFBE1DAE66F2007DCA88 /* KartikStreetLegal.swift */,
				4612BFC01DAE675E007DCA88 /* KartikBicycle.swift */,
				4612BFC21DAE6777007DCA88 /* KartikPedestrian.swift */,
			);
			path = kartikLabTest2;
			sourceTree = "<group>";
		};
/* End PBXGroup section */

/* Begin PBXNativeTarget section */
		4612BFAD1DAE654A007DCA88 /* kartikLabTest2 */ = {
			isa = PBXNativeTarget;
			buildConfigurationList = 4612BFB51DAE654A007DCA88 /* Build configuration list for PBXNativeTarget "kartikLabTest2" */;
			buildPhases = (
				4612BFAA1DAE654A007DCA88 /* Sources */,
				4612BFAB1DAE654A007DCA88 /* Frameworks */,
				4612BFAC1DAE654A007DCA88 /* CopyFiles */,
			);
			buildRules = (
			);
			dependencies = (
			);
			name = kartikLabTest2;
			productName = kartikLabTest2;
			productReference = 4612BFAE1DAE654A007DCA88 /* kartikLabTest2 */;
			productType = "com.apple.product-type.tool";
		};
/* End PBXNativeTarget section */

/* Begin PBXProject section */
		4612BFA61DAE654A007DCA88 /* Project object */ = {
			isa = PBXProject;
			attributes = {
				LastSwiftUpdateCheck = 0800;
				LastUpgradeCheck = 0800;
				ORGANIZATIONNAME = LambtonCollege;
				TargetAttributes = {
					4612BFAD1DAE654A007DCA88 = {
						CreatedOnToolsVersion = 8.0;
						ProvisioningStyle = Automatic;
					};
				};
			};
			buildConfigurationList = 4612BFA91DAE654A007DCA88 /* Build configuration list for PBXProject "kartikLabTest2" */;
			compatibilityVersion = "Xcode 3.2";
			developmentRegion = English;
			hasScannedForEncodings = 0;
			knownRegions = (
				en,
			);
			mainGroup = 4612BFA51DAE654A007DCA88;
			productRefGroup = 4612BFAF1DAE654A007DCA88 /* Products */;
			projectDirPath = "";
			projectRoot = "";
			targets = (
				4612BFAD1DAE654A007DCA88 /* kartikLabTest2 */,
			);
		};
/* End PBXProject section */

/* Begin PBXSourcesBuildPhase section */
		4612BFAA1DAE654A007DCA88 /* Sources */ = {
			isa = PBXSourcesBuildPhase;
			buildActionMask = 2147483647;
			files = (
				4612BFC31DAE6777007DCA88 /* KartikPedestrian.swift in Sources */,
				4612BFB91DAE66B0007DCA88 /* KartikMotorVehicle.swift in Sources */,
				4612BFB21DAE654A007DCA88 /* main.swift in Sources */,
				4612BFBD1DAE66DE007DCA88 /* KartikCar.swift in Sources */,
				4612BFBF1DAE66F2007DCA88 /* KartikStreetLegal.swift in Sources */,
				4612BFBB1DAE66CA007DCA88 /* KartikBoat.swift in Sources */,
				4612BFC11DAE675E007DCA88 /* KartikBicycle.swift in Sources */,
			);
			runOnlyForDeploymentPostprocessing = 0;
		};
/* End PBXSourcesBuildPhase section */

/* Begin XCBuildConfiguration section */
		4612BFB31DAE654A007DCA88 /* Debug */ = {
			isa = XCBuildConfiguration;
			buildSettings = {
				ALWAYS_SEARCH_USER_PATHS = NO;
				CLANG_ANALYZER_NONNULL = YES;
				CLANG_CXX_LANGUAGE_STANDARD = "gnu++0x";
				CLANG_CXX_LIBRARY = "libc++";
				CLANG_ENABLE_MODULES = YES;
				CLANG_ENABLE_OBJC_ARC = YES;
				CLANG_WARN_BOOL_CONVERSION = YES;
				CLANG_WARN_CONSTANT_CONVERSION = YES;
				CLANG_WARN_DIRECT_OBJC_ISA_USAGE = YES_ERROR;
				CLANG_WARN_DOCUMENTATION_COMMENTS = YES;
				CLANG_WARN_EMPTY_BODY = YES;
				CLANG_WARN_ENUM_CONVERSION = YES;
				CLANG_WARN_INFINITE_RECURSION = YES;
				CLANG_WARN_INT_CONVERSION = YES;
				CLANG_WARN_OBJC_ROOT_CLASS = YES_ERROR;
				CLANG_WARN_SUSPICIOUS_MOVES = YES;
				CLANG_WARN_UNREACHABLE_CODE = YES;
				CLANG_WARN__DUPLICATE_METHOD_MATCH = YES;
				CODE_SIGN_IDENTITY = "-";
				COPY_PHASE_STRIP = NO;
				DEBUG_INFORMATION_FORMAT = dwarf;
				ENABLE_STRICT_OBJC_MSGSEND = YES;
				ENABLE_TESTABILITY = YES;
				GCC_C_LANGUAGE_STANDARD = gnu99;
				GCC_DYNAMIC_NO_PIC = NO;
				GCC_NO_COMMON_BLOCKS = YES;
				GCC_OPTIMIZATION_LEVEL = 0;
				GCC_PREPROCESSOR_DEFINITIONS = (
					"DEBUG=1",
					"$(inherited)",
				);
				GCC_WARN_64_TO_32_BIT_CONVERSION = YES;
				GCC_WARN_ABOUT_RETURN_TYPE = YES_ERROR;
				GCC_WARN_UNDECLARED_SELECTOR = YES;
				GCC_WARN_UNINITIALIZED_AUTOS = YES_AGGRESSIVE;
				GCC_WARN_UNUSED_FUNCTION = YES;
				GCC_WARN_UNUSED_VARIABLE = YES;
				MACOSX_DEPLOYMENT_TARGET = 10.11;
				MTL_ENABLE_DEBUG_INFO = YES;
				ONLY_ACTIVE_ARCH = YES;
				SDKROOT = macosx;
				SWIFT_OPTIMIZATION_LEVEL = "-Onone";
			};
			name = Debug;
		};
		4612BFB41DAE654A007DCA88 /* Release */ = {
			isa = XCBuildConfiguration;
			buildSettings = {
				ALWAYS_SEARCH_USER_PATHS = NO;
				CLANG_ANALYZER_NONNULL = YES;
				CLANG_CXX_LANGUAGE_STANDARD = "gnu++0x";
				CLANG_CXX_LIBRARY = "libc++";
				CLANG_ENABLE_MODULES = YES;
				CLANG_ENABLE_OBJC_ARC = YES;
				CLANG_WARN_BOOL_CONVERSION = YES;
				CLANG_WARN_CONSTANT_CONVERSION = YES;
				CLANG_WARN_DIRECT_OBJC_ISA_USAGE = YES_ERROR;
				CLANG_WARN_DOCUMENTATION_COMMENTS = YES;
				CLANG_WARN_EMPTY_BODY = YES;
				CLANG_WARN_ENUM_CONVERSION = YES;
				CLANG_WARN_INFINITE_RECURSION = YES;
				CLANG_WARN_INT_CONVERSION = YES;
				CLANG_WARN_OBJC_ROOT_CLASS = YES_ERROR;
				CLANG_WARN_SUSPICIOUS_MOVES = YES;
				CLANG_WARN_UNREACHABLE_CODE = YES;
				CLANG_WARN__DUPLICATE_METHOD_MATCH = YES;
				CODE_SIGN_IDENTITY = "-";
				COPY_PHASE_STRIP = NO;
				DEBUG_INFORMATION_FORMAT = "dwarf-with-dsym";
				ENABLE_NS_ASSERTIONS = NO;
				ENABLE_STRICT_OBJC_MSGSEND = YES;
				GCC_C_LANGUAGE_STANDARD = gnu99;
				GCC_NO_COMMON_BLOCKS = YES;
				GCC_WARN_64_TO_32_BIT_CONVERSION = YES;
				GCC_WARN_ABOUT_RETURN_TYPE = YES_ERROR;
				GCC_WARN_UNDECLARED_SELECTOR = YES;
				GCC_WARN_UNINITIALIZED_AUTOS = YES_AGGRESSIVE;
				GCC_WARN_UNUSED_FUNCTION = YES;
				GCC_WARN_UNUSED_VARIABLE = YES;
				MACOSX_DEPLOYMENT_TARGET = 10.11;
				MTL_ENABLE_DEBUG_INFO = NO;
				SDKROOT = macosx;
			};
			name = Release;
		};
		4612BFB61DAE654A007DCA88 /* Debug */ = {
			isa = XCBuildConfiguration;
			buildSettings = {
				PRODUCT_NAME = "$(TARGET_NAME)";
				SWIFT_VERSION = 3.0;
			};
			name = Debug;
		};
		4612BFB71DAE654A007DCA88 /* Release */ = {
			isa = XCBuildConfiguration;
			buildSettings = {
				PRODUCT_NAME = "$(TARGET_NAME)";
				SWIFT_VERSION = 3.0;
			};
			name = Release;
		};
/* End XCBuildConfiguration section */

/* Begin XCConfigurationList section */
		4612BFA91DAE654A007DCA88 /* Build configuration list for PBXProject "kartikLabTest2" */ = {
			isa = XCConfigurationList;
			buildConfigurations = (
				4612BFB31DAE654A007DCA88 /* Debug */,
				4612BFB41DAE654A007DCA88 /* Release */,
			);
			defaultConfigurationIsVisible = 0;
			defaultConfigurationName = Release;
		};
		4612BFB51DAE654A007DCA88 /* Build configuration list for PBXNativeTarget "kartikLabTest2" */ = {
			isa = XCConfigurationList;
			buildConfigurations = (
				4612BFB61DAE654A007DCA88 /* Debug */,
				4612BFB71DAE654A007DCA88 /* Release */,
			);
			defaultConfigurationIsVisible = 0;
		};
/* End XCConfigurationList section */
	};
	rootObject = 4612BFA61DAE654A007DCA88 /* Project object */;
}
